
Microsoft Visual Studio Solution File, Format Version 12.00
# Visual Studio Version 16
VisualStudioVersion = 16.0.29806.167
MinimumVisualStudioVersion = 10.0.40219.1
Project("{FAE04EC0-301F-11D3-BF4B-00C04F79EFBC}") = "cmd-gui", "cmd-gui.csproj", "{0E4F8612-55A6-4251-9D61-B97F03FB1EE2}"
EndProject
Global
	GlobalSection(SolutionConfigurationPlatforms) = preSolution
		Debug|Any CPU = Debug|Any CPU
		Release|Any CPU = Release|Any CPU
	EndGlobalSection
	GlobalSection(ProjectConfigurationPlatforms) = postSolution
		{0E4F8612-55A6-4251-9D61-B97F03FB1EE2}.Debug|Any CPU.ActiveCfg = Debug|Any CPU
		{0E4F8612-55A6-4251-9D61-B97F03FB1EE2}.Debug|Any CPU.Build.0 = Debug|Any CPU
		{0E4F8612-55A6-4251-9D61-B97F03FB1EE2}.Release|Any CPU.ActiveCfg = Release|Any CPU
		{0E4F8612-55A6-4251-9D61-B97F03FB1EE2}.Release|Any CPU.Build.0 = Release|Any CPU
	EndGlobalSection
	GlobalSection(SolutionProperties) = preSolution
		HideSolutionNode = FALSE
	EndGlobalSection
	GlobalSection(ExtensibilityGlobals) = postSolution
		SolutionGuid = {DB7D6953-2B82-4563-8FE0-07FB824B0F12}
	EndGlobalSection
EndGlobal
